
Microsoft Visual Studio Solution File, Format Version 10.00
# Visual Studio 2008
Project("{54435603-DBB4-11D2-8724-00A0C9A8B90C}") = "SetupVoltage", "SetupVoltage\SetupVoltage.vdproj", "{E0AA6BD6-8AF4-41B3-83F6-C1E6C845B48F}"
EndProject
Global
	GlobalSection(SolutionConfigurationPlatforms) = preSolution
		Debug|Default = Debug|Default
		Release|Default = Release|Default
	EndGlobalSection
	GlobalSection(ProjectConfigurationPlatforms) = postSolution
		{E0AA6BD6-8AF4-41B3-83F6-C1E6C845B48F}.Debug|Default.ActiveCfg = Debug
		{E0AA6BD6-8AF4-41B3-83F6-C1E6C845B48F}.Debug|Default.Build.0 = Debug
		{E0AA6BD6-8AF4-41B3-83F6-C1E6C845B48F}.Release|Default.ActiveCfg = Release
		{E0AA6BD6-8AF4-41B3-83F6-C1E6C845B48F}.Release|Default.Build.0 = Release
	EndGlobalSection
	GlobalSection(SolutionProperties) = preSolution
		HideSolutionNode = FALSE
	EndGlobalSection
EndGlobal
